
Microsoft Visual Studio Solution File, Format Version 12.00
# Visual Studio 15
VisualStudioVersion = 15.0.28307.1525
MinimumVisualStudioVersion = 10.0.40219.1
Project("{8BC9CEB8-8B4A-11D0-8D11-00A0C91BC942}") = "Time_Dispute", "Time_Dispute.vcxproj", "{81CACFCF-1B92-43BC-A8B3-611896181E8C}"
EndProject
Global
	GlobalSection(SolutionConfigurationPlatforms) = preSolution
		Debug|x64 = Debug|x64
		Debug|x86 = Debug|x86
		Release|x64 = Release|x64
		Release|x86 = Release|x86
	EndGlobalSection
	GlobalSection(ProjectConfigurationPlatforms) = postSolution
		{81CACFCF-1B92-43BC-A8B3-611896181E8C}.Debug|x64.ActiveCfg = Debug|x64
		{81CACFCF-1B92-43BC-A8B3-611896181E8C}.Debug|x64.Build.0 = Debug|x64
		{81CACFCF-1B92-43BC-A8B3-611896181E8C}.Debug|x86.ActiveCfg = Debug|Win32
		{81CACFCF-1B92-43BC-A8B3-611896181E8C}.Debug|x86.Build.0 = Debug|Win32
		{81CACFCF-1B92-43BC-A8B3-611896181E8C}.Release|x64.ActiveCfg = Release|x64
		{81CACFCF-1B92-43BC-A8B3-611896181E8C}.Release|x64.Build.0 = Release|x64
		{81CACFCF-1B92-43BC-A8B3-611896181E8C}.Release|x86.ActiveCfg = Release|Win32
		{81CACFCF-1B92-43BC-A8B3-611896181E8C}.Release|x86.Build.0 = Release|Win32
	EndGlobalSection
	GlobalSection(SolutionProperties) = preSolution
		HideSolutionNode = FALSE
	EndGlobalSection
	GlobalSection(ExtensibilityGlobals) = postSolution
		SolutionGuid = {C83076B1-8F59-4B25-B181-107414F6E40E}
	EndGlobalSection
EndGlobal
